// !$*UTF8*$!
{
	archiveVersion = 1;
	classes = {
	};
	objectVersion = 46;
	objects = {

/* Begin PBXBuildFile section */
		E92EF1E51B1ADFE400F3CEFC /* klassyappslogo_black.png in Resources */ = {isa = PBXBuildFile; fileRef = E92EF1E41B1ADFE400F3CEFC /* klassyappslogo_black.png */; };
		E92EF1EB1B1AE7C200F3CEFC /* chorus.png in Resources */ = {isa = PBXBuildFile; fileRef = E92EF1EA1B1AE7C200F3CEFC /* chorus.png */; };
		E943953E1B183AA700A45EEB /* AppDelegate.swift in Sources */ = {isa = PBXBuildFile; fileRef = E943953D1B183AA700A45EEB /* AppDelegate.swift */; };
		E94395401B183AA700A45EEB /* ViewController.swift in Sources */ = {isa = PBXBuildFile; fileRef = E943953F1B183AA700A45EEB /* ViewController.swift */; };
		E94395431B183AA700A45EEB /* Main.storyboard in Resources */ = {isa = PBXBuildFile; fileRef = E94395411B183AA700A45EEB /* Main.storyboard */; };
		E94395451B183AA700A45EEB /* Images.xcassets in Resources */ = {isa = PBXBuildFile; fileRef = E94395441B183AA700A45EEB /* Images.xcassets */; };
		E94395481B183AA700A45EEB /* LaunchScreen.xib in Resources */ = {isa = PBXBuildFile; fileRef = E94395461B183AA700A45EEB /* LaunchScreen.xib */; };
		E94395541B183AA700A45EEB /* ChorusTests.swift in Sources */ = {isa = PBXBuildFile; fileRef = E94395531B183AA700A45EEB /* ChorusTests.swift */; };
		E94F62B91B1AA44600BEAF6B /* libsqlite3.dylib in Frameworks */ = {isa = PBXBuildFile; fileRef = E94F62B81B1AA44600BEAF6B /* libsqlite3.dylib */; };
		E94F62BB1B1AA46400BEAF6B /* Accounts.framework in Frameworks */ = {isa = PBXBuildFile; fileRef = E94F62BA1B1AA46400BEAF6B /* Accounts.framework */; };
		E94F62BD1B1AA49700BEAF6B /* CFNetwork.framework in Frameworks */ = {isa = PBXBuildFile; fileRef = E94F62BC1B1AA49700BEAF6B /* CFNetwork.framework */; };
		E94F62BF1B1AA49E00BEAF6B /* Security.framework in Frameworks */ = {isa = PBXBuildFile; fileRef = E94F62BE1B1AA49E00BEAF6B /* Security.framework */; };
		E94F62C11B1AA4AB00BEAF6B /* libz.1.1.3.dylib in Frameworks */ = {isa = PBXBuildFile; fileRef = E94F62C01B1AA4AB00BEAF6B /* libz.1.1.3.dylib */; };
		E94F62C31B1AA4B400BEAF6B /* AudioToolbox.framework in Frameworks */ = {isa = PBXBuildFile; fileRef = E94F62C21B1AA4B400BEAF6B /* AudioToolbox.framework */; };
		E94F62C51B1AA4C200BEAF6B /* SystemConfiguration.framework in Frameworks */ = {isa = PBXBuildFile; fileRef = E94F62C41B1AA4C200BEAF6B /* SystemConfiguration.framework */; };
		E94F62C71B1AA4C900BEAF6B /* StoreKit.framework in Frameworks */ = {isa = PBXBuildFile; fileRef = E94F62C61B1AA4C900BEAF6B /* StoreKit.framework */; };
		E94F62C91B1AA4D700BEAF6B /* CoreLocation.framework in Frameworks */ = {isa = PBXBuildFile; fileRef = E94F62C81B1AA4D700BEAF6B /* CoreLocation.framework */; };
		E94F62CB1B1AA4E100BEAF6B /* CoreGraphics.framework in Frameworks */ = {isa = PBXBuildFile; fileRef = E94F62CA1B1AA4E100BEAF6B /* CoreGraphics.framework */; };
		E94F62CD1B1AA4EC00BEAF6B /* MobileCoreServices.framework in Frameworks */ = {isa = PBXBuildFile; fileRef = E94F62CC1B1AA4EC00BEAF6B /* MobileCoreServices.framework */; };
		E94F62CF1B1AA5BC00BEAF6B /* Social.framework in Frameworks */ = {isa = PBXBuildFile; fileRef = E94F62CE1B1AA5BC00BEAF6B /* Social.framework */; };
		E94F62D11B1ADA0000BEAF6B /* ParseFacebookUtilsV4.framework in Frameworks */ = {isa = PBXBuildFile; fileRef = E94F62D01B1ADA0000BEAF6B /* ParseFacebookUtilsV4.framework */; };
		E94F62D31B1ADA0B00BEAF6B /* ParseFacebookUtils.framework in Frameworks */ = {isa = PBXBuildFile; fileRef = E94F62D21B1ADA0B00BEAF6B /* ParseFacebookUtils.framework */; };
		E94F62D51B1ADAE100BEAF6B /* FBSDKCoreKit.framework in Frameworks */ = {isa = PBXBuildFile; fileRef = E94F62D41B1ADAE100BEAF6B /* FBSDKCoreKit.framework */; };
		E94F62D71B1ADAF100BEAF6B /* FBSDKLoginKit.framework in Frameworks */ = {isa = PBXBuildFile; fileRef = E94F62D61B1ADAF100BEAF6B /* FBSDKLoginKit.framework */; };
		E9B26D001B1A02F100ED007D /* Bolts.framework in Frameworks */ = {isa = PBXBuildFile; fileRef = E9B26CFA1B1A02F100ED007D /* Bolts.framework */; };
		E9B26D011B1A02F100ED007D /* Parse.framework in Frameworks */ = {isa = PBXBuildFile; fileRef = E9B26CFB1B1A02F100ED007D /* Parse.framework */; };
		E9B26D021B1A02F100ED007D /* ParseCrashReporting.framework in Frameworks */ = {isa = PBXBuildFile; fileRef = E9B26CFC1B1A02F100ED007D /* ParseCrashReporting.framework */; };
		E9B26D051B1A02F100ED007D /* ParseUI.framework in Frameworks */ = {isa = PBXBuildFile; fileRef = E9B26CFF1B1A02F100ED007D /* ParseUI.framework */; };
/* End PBXBuildFile section */

/* Begin PBXContainerItemProxy section */
		E943954E1B183AA700A45EEB /* PBXContainerItemProxy */ = {
			isa = PBXContainerItemProxy;
			containerPortal = E94395301B183AA700A45EEB /* Project object */;
			proxyType = 1;
			remoteGlobalIDString = E94395371B183AA700A45EEB;
			remoteInfo = Chorus;
		};
/* End PBXContainerItemProxy section */

/* Begin PBXFileReference section */
		E92EF1E41B1ADFE400F3CEFC /* klassyappslogo_black.png */ = {isa = PBXFileReference; lastKnownFileType = image.png; path = klassyappslogo_black.png; sourceTree = "<group>"; };
		E92EF1EA1B1AE7C200F3CEFC /* chorus.png */ = {isa = PBXFileReference; lastKnownFileType = image.png; path = chorus.png; sourceTree = "<group>"; };
		E94395381B183AA700A45EEB /* Chorus.app */ = {isa = PBXFileReference; explicitFileType = wrapper.application; includeInIndex = 0; path = Chorus.app; sourceTree = BUILT_PRODUCTS_DIR; };
		E943953C1B183AA700A45EEB /* Info.plist */ = {isa = PBXFileReference; lastKnownFileType = text.plist.xml; path = Info.plist; sourceTree = "<group>"; };
		E943953D1B183AA700A45EEB /* AppDelegate.swift */ = {isa = PBXFileReference; lastKnownFileType = sourcecode.swift; path = AppDelegate.swift; sourceTree = "<group>"; };
		E943953F1B183AA700A45EEB /* ViewController.swift */ = {isa = PBXFileReference; lastKnownFileType = sourcecode.swift; path = ViewController.swift; sourceTree = "<group>"; };
		E94395421B183AA700A45EEB /* Base */ = {isa = PBXFileReference; lastKnownFileType = file.storyboard; name = Base; path = Base.lproj/Main.storyboard; sourceTree = "<group>"; };
		E94395441B183AA700A45EEB /* Images.xcassets */ = {isa = PBXFileReference; lastKnownFileType = folder.assetcatalog; path = Images.xcassets; sourceTree = "<group>"; };
		E94395471B183AA700A45EEB /* Base */ = {isa = PBXFileReference; lastKnownFileType = file.xib; name = Base; path = Base.lproj/LaunchScreen.xib; sourceTree = "<group>"; };
		E943954D1B183AA700A45EEB /* ChorusTests.xctest */ = {isa = PBXFileReference; explicitFileType = wrapper.cfbundle; includeInIndex = 0; path = ChorusTests.xctest; sourceTree = BUILT_PRODUCTS_DIR; };
		E94395521B183AA700A45EEB /* Info.plist */ = {isa = PBXFileReference; lastKnownFileType = text.plist.xml; path = Info.plist; sourceTree = "<group>"; };
		E94395531B183AA700A45EEB /* ChorusTests.swift */ = {isa = PBXFileReference; lastKnownFileType = sourcecode.swift; path = ChorusTests.swift; sourceTree = "<group>"; };
		E94F62B71B1A231A00BEAF6B /* Chorus-Bridging-Header.h */ = {isa = PBXFileReference; lastKnownFileType = sourcecode.c.h; path = "Chorus-Bridging-Header.h"; sourceTree = "<group>"; };
		E94F62B81B1AA44600BEAF6B /* libsqlite3.dylib */ = {isa = PBXFileReference; lastKnownFileType = "compiled.mach-o.dylib"; name = libsqlite3.dylib; path = usr/lib/libsqlite3.dylib; sourceTree = SDKROOT; };
		E94F62BA1B1AA46400BEAF6B /* Accounts.framework */ = {isa = PBXFileReference; lastKnownFileType = wrapper.framework; name = Accounts.framework; path = System/Library/Frameworks/Accounts.framework; sourceTree = SDKROOT; };
		E94F62BC1B1AA49700BEAF6B /* CFNetwork.framework */ = {isa = PBXFileReference; lastKnownFileType = wrapper.framework; name = CFNetwork.framework; path = System/Library/Frameworks/CFNetwork.framework; sourceTree = SDKROOT; };
		E94F62BE1B1AA49E00BEAF6B /* Security.framework */ = {isa = PBXFileReference; lastKnownFileType = wrapper.framework; name = Security.framework; path = System/Library/Frameworks/Security.framework; sourceTree = SDKROOT; };
		E94F62C01B1AA4AB00BEAF6B /* libz.1.1.3.dylib */ = {isa = PBXFileReference; lastKnownFileType = "compiled.mach-o.dylib"; name = libz.1.1.3.dylib; path = usr/lib/libz.1.1.3.dylib; sourceTree = SDKROOT; };
		E94F62C21B1AA4B400BEAF6B /* AudioToolbox.framework */ = {isa = PBXFileReference; lastKnownFileType = wrapper.framework; name = AudioToolbox.framework; path = System/Library/Frameworks/AudioToolbox.framework; sourceTree = SDKROOT; };
		E94F62C41B1AA4C200BEAF6B /* SystemConfiguration.framework */ = {isa = PBXFileReference; lastKnownFileType = wrapper.framework; name = SystemConfiguration.framework; path = System/Library/Frameworks/SystemConfiguration.framework; sourceTree = SDKROOT; };
		E94F62C61B1AA4C900BEAF6B /* StoreKit.framework */ = {isa = PBXFileReference; lastKnownFileType = wrapper.framework; name = StoreKit.framework; path = System/Library/Frameworks/StoreKit.framework; sourceTree = SDKROOT; };
		E94F62C81B1AA4D700BEAF6B /* CoreLocation.framework */ = {isa = PBXFileReference; lastKnownFileType = wrapper.framework; name = CoreLocation.framework; path = System/Library/Frameworks/CoreLocation.framework; sourceTree = SDKROOT; };
		E94F62CA1B1AA4E100BEAF6B /* CoreGraphics.framework */ = {isa = PBXFileReference; lastKnownFileType = wrapper.framework; name = CoreGraphics.framework; path = System/Library/Frameworks/CoreGraphics.framework; sourceTree = SDKROOT; };
		E94F62CC1B1AA4EC00BEAF6B /* MobileCoreServices.framework */ = {isa = PBXFileReference; lastKnownFileType = wrapper.framework; name = MobileCoreServices.framework; path = System/Library/Frameworks/MobileCoreServices.framework; sourceTree = SDKROOT; };
		E94F62CE1B1AA5BC00BEAF6B /* Social.framework */ = {isa = PBXFileReference; lastKnownFileType = wrapper.framework; name = Social.framework; path = System/Library/Frameworks/Social.framework; sourceTree = SDKROOT; };
		E94F62D01B1ADA0000BEAF6B /* ParseFacebookUtilsV4.framework */ = {isa = PBXFileReference; lastKnownFileType = wrapper.framework; path = ParseFacebookUtilsV4.framework; sourceTree = "<group>"; };
		E94F62D21B1ADA0B00BEAF6B /* ParseFacebookUtils.framework */ = {isa = PBXFileReference; lastKnownFileType = wrapper.framework; path = ParseFacebookUtils.framework; sourceTree = "<group>"; };
		E94F62D41B1ADAE100BEAF6B /* FBSDKCoreKit.framework */ = {isa = PBXFileReference; lastKnownFileType = wrapper.framework; path = FBSDKCoreKit.framework; sourceTree = "<group>"; };
		E94F62D61B1ADAF100BEAF6B /* FBSDKLoginKit.framework */ = {isa = PBXFileReference; lastKnownFileType = wrapper.framework; path = FBSDKLoginKit.framework; sourceTree = "<group>"; };
		E9B26CFA1B1A02F100ED007D /* Bolts.framework */ = {isa = PBXFileReference; lastKnownFileType = wrapper.framework; name = Bolts.framework; path = ../Bolts.framework; sourceTree = "<group>"; };
		E9B26CFB1B1A02F100ED007D /* Parse.framework */ = {isa = PBXFileReference; lastKnownFileType = wrapper.framework; name = Parse.framework; path = ../Parse.framework; sourceTree = "<group>"; };
		E9B26CFC1B1A02F100ED007D /* ParseCrashReporting.framework */ = {isa = PBXFileReference; lastKnownFileType = wrapper.framework; name = ParseCrashReporting.framework; path = ../ParseCrashReporting.framework; sourceTree = "<group>"; };
		E9B26CFF1B1A02F100ED007D /* ParseUI.framework */ = {isa = PBXFileReference; lastKnownFileType = wrapper.framework; name = ParseUI.framework; path = ../ParseUI.framework; sourceTree = "<group>"; };
/* End PBXFileReference section */

/* Begin PBXFrameworksBuildPhase section */
		E94395351B183AA700A45EEB /* Frameworks */ = {
			isa = PBXFrameworksBuildPhase;
			buildActionMask = 2147483647;
			files = (
				E94F62CF1B1AA5BC00BEAF6B /* Social.framework in Frameworks */,
				E94F62CD1B1AA4EC00BEAF6B /* MobileCoreServices.framework in Frameworks */,
				E94F62D71B1ADAF100BEAF6B /* FBSDKLoginKit.framework in Frameworks */,
				E94F62D31B1ADA0B00BEAF6B /* ParseFacebookUtils.framework in Frameworks */,
				E94F62CB1B1AA4E100BEAF6B /* CoreGraphics.framework in Frameworks */,
				E94F62C91B1AA4D700BEAF6B /* CoreLocation.framework in Frameworks */,
				E94F62C71B1AA4C900BEAF6B /* StoreKit.framework in Frameworks */,
				E94F62C51B1AA4C200BEAF6B /* SystemConfiguration.framework in Frameworks */,
				E94F62C31B1AA4B400BEAF6B /* AudioToolbox.framework in Frameworks */,
				E94F62D51B1ADAE100BEAF6B /* FBSDKCoreKit.framework in Frameworks */,
				E94F62C11B1AA4AB00BEAF6B /* libz.1.1.3.dylib in Frameworks */,
				E94F62BF1B1AA49E00BEAF6B /* Security.framework in Frameworks */,
				E94F62BD1B1AA49700BEAF6B /* CFNetwork.framework in Frameworks */,
				E94F62BB1B1AA46400BEAF6B /* Accounts.framework in Frameworks */,
				E94F62B91B1AA44600BEAF6B /* libsqlite3.dylib in Frameworks */,
				E9B26D051B1A02F100ED007D /* ParseUI.framework in Frameworks */,
				E9B26D011B1A02F100ED007D /* Parse.framework in Frameworks */,
				E94F62D11B1ADA0000BEAF6B /* ParseFacebookUtilsV4.framework in Frameworks */,
				E9B26D021B1A02F100ED007D /* ParseCrashReporting.framework in Frameworks */,
				E9B26D001B1A02F100ED007D /* Bolts.framework in Frameworks */,
			);
			runOnlyForDeploymentPostprocessing = 0;
		};
		E943954A1B183AA700A45EEB /* Frameworks */ = {
			isa = PBXFrameworksBuildPhase;
			buildActionMask = 2147483647;
			files = (
			);
			runOnlyForDeploymentPostprocessing = 0;
		};
/* End PBXFrameworksBuildPhase section */

/* Begin PBXGroup section */
		E943952F1B183AA700A45EEB = {
			isa = PBXGroup;
			children = (
				E943953A1B183AA700A45EEB /* Chorus */,
				E94395501B183AA700A45EEB /* ChorusTests */,
				E94395391B183AA700A45EEB /* Products */,
			);
			sourceTree = "<group>";
		};
		E94395391B183AA700A45EEB /* Products */ = {
			isa = PBXGroup;
			children = (
				E94395381B183AA700A45EEB /* Chorus.app */,
				E943954D1B183AA700A45EEB /* ChorusTests.xctest */,
			);
			name = Products;
			sourceTree = "<group>";
		};
		E943953A1B183AA700A45EEB /* Chorus */ = {
			isa = PBXGroup;
			children = (
				E94F62B71B1A231A00BEAF6B /* Chorus-Bridging-Header.h */,
				E943953D1B183AA700A45EEB /* AppDelegate.swift */,
				E943953F1B183AA700A45EEB /* ViewController.swift */,
				E94395411B183AA700A45EEB /* Main.storyboard */,
				E94395441B183AA700A45EEB /* Images.xcassets */,
				E94395461B183AA700A45EEB /* LaunchScreen.xib */,
				E9B26CF91B19BDE200ED007D /* Frameworks */,
				E943953B1B183AA700A45EEB /* Supporting Files */,
			);
			path = Chorus;
			sourceTree = "<group>";
		};
		E943953B1B183AA700A45EEB /* Supporting Files */ = {
			isa = PBXGroup;
			children = (
				E92EF1E41B1ADFE400F3CEFC /* klassyappslogo_black.png */,
				E943953C1B183AA700A45EEB /* Info.plist */,
				E92EF1EA1B1AE7C200F3CEFC /* chorus.png */,
			);
			name = "Supporting Files";
			sourceTree = "<group>";
		};
		E94395501B183AA700A45EEB /* ChorusTests */ = {
			isa = PBXGroup;
			children = (
				E94395531B183AA700A45EEB /* ChorusTests.swift */,
				E94395511B183AA700A45EEB /* Supporting Files */,
			);
			path = ChorusTests;
			sourceTree = "<group>";
		};
		E94395511B183AA700A45EEB /* Supporting Files */ = {
			isa = PBXGroup;
			children = (
				E94395521B183AA700A45EEB /* Info.plist */,
			);
			name = "Supporting Files";
			sourceTree = "<group>";
		};
		E9B26CF91B19BDE200ED007D /* Frameworks */ = {
			isa = PBXGroup;
			children = (
				E94F62D61B1ADAF100BEAF6B /* FBSDKLoginKit.framework */,
				E94F62D41B1ADAE100BEAF6B /* FBSDKCoreKit.framework */,
				E94F62D21B1ADA0B00BEAF6B /* ParseFacebookUtils.framework */,
				E94F62D01B1ADA0000BEAF6B /* ParseFacebookUtilsV4.framework */,
				E94F62CE1B1AA5BC00BEAF6B /* Social.framework */,
				E94F62CC1B1AA4EC00BEAF6B /* MobileCoreServices.framework */,
				E94F62CA1B1AA4E100BEAF6B /* CoreGraphics.framework */,
				E94F62C81B1AA4D700BEAF6B /* CoreLocation.framework */,
				E94F62C61B1AA4C900BEAF6B /* StoreKit.framework */,
				E94F62C41B1AA4C200BEAF6B /* SystemConfiguration.framework */,
				E94F62C21B1AA4B400BEAF6B /* AudioToolbox.framework */,
				E94F62C01B1AA4AB00BEAF6B /* libz.1.1.3.dylib */,
				E94F62BE1B1AA49E00BEAF6B /* Security.framework */,
				E94F62BC1B1AA49700BEAF6B /* CFNetwork.framework */,
				E94F62BA1B1AA46400BEAF6B /* Accounts.framework */,
				E94F62B81B1AA44600BEAF6B /* libsqlite3.dylib */,
				E9B26CFA1B1A02F100ED007D /* Bolts.framework */,
				E9B26CFB1B1A02F100ED007D /* Parse.framework */,
				E9B26CFC1B1A02F100ED007D /* ParseCrashReporting.framework */,
				E9B26CFF1B1A02F100ED007D /* ParseUI.framework */,
			);
			name = Frameworks;
			sourceTree = "<group>";
		};
/* End PBXGroup section */

/* Begin PBXNativeTarget section */
		E94395371B183AA700A45EEB /* Chorus */ = {
			isa = PBXNativeTarget;
			buildConfigurationList = E94395571B183AA700A45EEB /* Build configuration list for PBXNativeTarget "Chorus" */;
			buildPhases = (
				E94395341B183AA700A45EEB /* Sources */,
				E94395351B183AA700A45EEB /* Frameworks */,
				E94395361B183AA700A45EEB /* Resources */,
			);
			buildRules = (
			);
			dependencies = (
			);
			name = Chorus;
			productName = Chorus;
			productReference = E94395381B183AA700A45EEB /* Chorus.app */;
			productType = "com.apple.product-type.application";
		};
		E943954C1B183AA700A45EEB /* ChorusTests */ = {
			isa = PBXNativeTarget;
			buildConfigurationList = E943955A1B183AA700A45EEB /* Build configuration list for PBXNativeTarget "ChorusTests" */;
			buildPhases = (
				E94395491B183AA700A45EEB /* Sources */,
				E943954A1B183AA700A45EEB /* Frameworks */,
				E943954B1B183AA700A45EEB /* Resources */,
			);
			buildRules = (
			);
			dependencies = (
				E943954F1B183AA700A45EEB /* PBXTargetDependency */,
			);
			name = ChorusTests;
			productName = ChorusTests;
			productReference = E943954D1B183AA700A45EEB /* ChorusTests.xctest */;
			productType = "com.apple.product-type.bundle.unit-test";
		};
/* End PBXNativeTarget section */

/* Begin PBXProject section */
		E94395301B183AA700A45EEB /* Project object */ = {
			isa = PBXProject;
			attributes = {
				LastUpgradeCheck = 0630;
				ORGANIZATIONNAME = "Hemant V. Torsekar";
				TargetAttributes = {
					E94395371B183AA700A45EEB = {
						CreatedOnToolsVersion = 6.3.2;
					};
					E943954C1B183AA700A45EEB = {
						CreatedOnToolsVersion = 6.3.2;
						TestTargetID = E94395371B183AA700A45EEB;
					};
				};
			};
			buildConfigurationList = E94395331B183AA700A45EEB /* Build configuration list for PBXProject "Chorus" */;
			compatibilityVersion = "Xcode 3.2";
			developmentRegion = English;
			hasScannedForEncodings = 0;
			knownRegions = (
				en,
				Base,
			);
			mainGroup = E943952F1B183AA700A45EEB;
			productRefGroup = E94395391B183AA700A45EEB /* Products */;
			projectDirPath = "";
			projectRoot = "";
			targets = (
				E94395371B183AA700A45EEB /* Chorus */,
				E943954C1B183AA700A45EEB /* ChorusTests */,
			);
		};
/* End PBXProject section */

/* Begin PBXResourcesBuildPhase section */
		E94395361B183AA700A45EEB /* Resources */ = {
			isa = PBXResourcesBuildPhase;
			buildActionMask = 2147483647;
			files = (
				E94395431B183AA700A45EEB /* Main.storyboard in Resources */,
				E94395481B183AA700A45EEB /* LaunchScreen.xib in Resources */,
				E94395451B183AA700A45EEB /* Images.xcassets in Resources */,
				E92EF1E51B1ADFE400F3CEFC /* klassyappslogo_black.png in Resources */,
				E92EF1EB1B1AE7C200F3CEFC /* chorus.png in Resources */,
			);
			runOnlyForDeploymentPostprocessing = 0;
		};
		E943954B1B183AA700A45EEB /* Resources */ = {
			isa = PBXResourcesBuildPhase;
			buildActionMask = 2147483647;
			files = (
			);
			runOnlyForDeploymentPostprocessing = 0;
		};
/* End PBXResourcesBuildPhase section */

/* Begin PBXSourcesBuildPhase section */
		E94395341B183AA700A45EEB /* Sources */ = {
			isa = PBXSourcesBuildPhase;
			buildActionMask = 2147483647;
			files = (
				E94395401B183AA700A45EEB /* ViewController.swift in Sources */,
				E943953E1B183AA700A45EEB /* AppDelegate.swift in Sources */,
			);
			runOnlyForDeploymentPostprocessing = 0;
		};
		E94395491B183AA700A45EEB /* Sources */ = {
			isa = PBXSourcesBuildPhase;
			buildActionMask = 2147483647;
			files = (
				E94395541B183AA700A45EEB /* ChorusTests.swift in Sources */,
			);
			runOnlyForDeploymentPostprocessing = 0;
		};
/* End PBXSourcesBuildPhase section */

/* Begin PBXTargetDependency section */
		E943954F1B183AA700A45EEB /* PBXTargetDependency */ = {
			isa = PBXTargetDependency;
			target = E94395371B183AA700A45EEB /* Chorus */;
			targetProxy = E943954E1B183AA700A45EEB /* PBXContainerItemProxy */;
		};
/* End PBXTargetDependency section */

/* Begin PBXVariantGroup section */
		E94395411B183AA700A45EEB /* Main.storyboard */ = {
			isa = PBXVariantGroup;
			children = (
				E94395421B183AA700A45EEB /* Base */,
			);
			name = Main.storyboard;
			sourceTree = "<group>";
		};
		E94395461B183AA700A45EEB /* LaunchScreen.xib */ = {
			isa = PBXVariantGroup;
			children = (
				E94395471B183AA700A45EEB /* Base */,
			);
			name = LaunchScreen.xib;
			sourceTree = "<group>";
		};
/* End PBXVariantGroup section */

/* Begin XCBuildConfiguration section */
		E94395551B183AA700A45EEB /* Debug */ = {
			isa = XCBuildConfiguration;
			buildSettings = {
				ALWAYS_SEARCH_USER_PATHS = NO;
				CLANG_CXX_LANGUAGE_STANDARD = "gnu++0x";
				CLANG_CXX_LIBRARY = "libc++";
				CLANG_ENABLE_MODULES = YES;
				CLANG_ENABLE_OBJC_ARC = YES;
				CLANG_WARN_BOOL_CONVERSION = YES;
				CLANG_WARN_CONSTANT_CONVERSION = YES;
				CLANG_WARN_DIRECT_OBJC_ISA_USAGE = YES_ERROR;
				CLANG_WARN_EMPTY_BODY = YES;
				CLANG_WARN_ENUM_CONVERSION = YES;
				CLANG_WARN_INT_CONVERSION = YES;
				CLANG_WARN_OBJC_ROOT_CLASS = YES_ERROR;
				CLANG_WARN_UNREACHABLE_CODE = YES;
				CLANG_WARN__DUPLICATE_METHOD_MATCH = YES;
				"CODE_SIGN_IDENTITY[sdk=iphoneos*]" = "iPhone Developer";
				COPY_PHASE_STRIP = NO;
				DEBUG_INFORMATION_FORMAT = "dwarf-with-dsym";
				ENABLE_STRICT_OBJC_MSGSEND = YES;
				GCC_C_LANGUAGE_STANDARD = gnu99;
				GCC_DYNAMIC_NO_PIC = NO;
				GCC_NO_COMMON_BLOCKS = YES;
				GCC_OPTIMIZATION_LEVEL = 0;
				GCC_PREPROCESSOR_DEFINITIONS = (
					"DEBUG=1",
					"$(inherited)",
				);
				GCC_SYMBOLS_PRIVATE_EXTERN = NO;
				GCC_WARN_64_TO_32_BIT_CONVERSION = YES;
				GCC_WARN_ABOUT_RETURN_TYPE = YES_ERROR;
				GCC_WARN_UNDECLARED_SELECTOR = YES;
				GCC_WARN_UNINITIALIZED_AUTOS = YES_AGGRESSIVE;
				GCC_WARN_UNUSED_FUNCTION = YES;
				GCC_WARN_UNUSED_VARIABLE = YES;
				IPHONEOS_DEPLOYMENT_TARGET = 8.3;
				MTL_ENABLE_DEBUG_INFO = YES;
				ONLY_ACTIVE_ARCH = YES;
				SDKROOT = iphoneos;
				SWIFT_OPTIMIZATION_LEVEL = "-Onone";
			};
			name = Debug;
		};
		E94395561B183AA700A45EEB /* Release */ = {
			isa = XCBuildConfiguration;
			buildSettings = {
				ALWAYS_SEARCH_USER_PATHS = NO;
				CLANG_CXX_LANGUAGE_STANDARD = "gnu++0x";
				CLANG_CXX_LIBRARY = "libc++";
				CLANG_ENABLE_MODULES = YES;
				CLANG_ENABLE_OBJC_ARC = YES;
				CLANG_WARN_BOOL_CONVERSION = YES;
				CLANG_WARN_CONSTANT_CONVERSION = YES;
				CLANG_WARN_DIRECT_OBJC_ISA_USAGE = YES_ERROR;
				CLANG_WARN_EMPTY_BODY = YES;
				CLANG_WARN_ENUM_CONVERSION = YES;
				CLANG_WARN_INT_CONVERSION = YES;
				CLANG_WARN_OBJC_ROOT_CLASS = YES_ERROR;
				CLANG_WARN_UNREACHABLE_CODE = YES;
				CLANG_WARN__DUPLICATE_METHOD_MATCH = YES;
				"CODE_SIGN_IDENTITY[sdk=iphoneos*]" = "iPhone Developer";
				COPY_PHASE_STRIP = NO;
				DEBUG_INFORMATION_FORMAT = "dwarf-with-dsym";
				ENABLE_NS_ASSERTIONS = NO;
				ENABLE_STRICT_OBJC_MSGSEND = YES;
				GCC_C_LANGUAGE_STANDARD = gnu99;
				GCC_NO_COMMON_BLOCKS = YES;
				GCC_WARN_64_TO_32_BIT_CONVERSION = YES;
				GCC_WARN_ABOUT_RETURN_TYPE = YES_ERROR;
				GCC_WARN_UNDECLARED_SELECTOR = YES;
				GCC_WARN_UNINITIALIZED_AUTOS = YES_AGGRESSIVE;
				GCC_WARN_UNUSED_FUNCTION = YES;
				GCC_WARN_UNUSED_VARIABLE = YES;
				IPHONEOS_DEPLOYMENT_TARGET = 8.3;
				MTL_ENABLE_DEBUG_INFO = NO;
				SDKROOT = iphoneos;
				VALIDATE_PRODUCT = YES;
			};
			name = Release;
		};
		E94395581B183AA700A45EEB /* Debug */ = {
			isa = XCBuildConfiguration;
			buildSettings = {
				ASSETCATALOG_COMPILER_APPICON_NAME = AppIcon;
				FRAMEWORK_SEARCH_PATHS = (
					"$(inherited)",
					"$(PROJECT_DIR)",
					"$(PROJECT_DIR)/Chorus",
				);
				INFOPLIST_FILE = Chorus/Info.plist;
				LD_RUNPATH_SEARCH_PATHS = "$(inherited) @executable_path/Frameworks";
				PRODUCT_NAME = "$(TARGET_NAME)";
				SWIFT_OBJC_BRIDGING_HEADER = "Chorus/Chorus-Bridging-Header.h";
			};
			name = Debug;
		};
		E94395591B183AA700A45EEB /* Release */ = {
			isa = XCBuildConfiguration;
			buildSettings = {
				ASSETCATALOG_COMPILER_APPICON_NAME = AppIcon;
				FRAMEWORK_SEARCH_PATHS = (
					"$(inherited)",
					"$(PROJECT_DIR)",
					"$(PROJECT_DIR)/Chorus",
				);
				INFOPLIST_FILE = Chorus/Info.plist;
				LD_RUNPATH_SEARCH_PATHS = "$(inherited) @executable_path/Frameworks";
				PRODUCT_NAME = "$(TARGET_NAME)";
				SWIFT_OBJC_BRIDGING_HEADER = "Chorus/Chorus-Bridging-Header.h";
			};
			name = Release;
		};
		E943955B1B183AA700A45EEB /* Debug */ = {
			isa = XCBuildConfiguration;
			buildSettings = {
				BUNDLE_LOADER = "$(TEST_HOST)";
				FRAMEWORK_SEARCH_PATHS = (
					"$(SDKROOT)/Developer/Library/Frameworks",
					"$(inherited)",
				);
				GCC_PREPROCESSOR_DEFINITIONS = (
					"DEBUG=1",
					"$(inherited)",
				);
				INFOPLIST_FILE = ChorusTests/Info.plist;
				LD_RUNPATH_SEARCH_PATHS = "$(inherited) @executable_path/Frameworks @loader_path/Frameworks";
				PRODUCT_NAME = "$(TARGET_NAME)";
				TEST_HOST = "$(BUILT_PRODUCTS_DIR)/Chorus.app/Chorus";
			};
			name = Debug;
		};
		E943955C1B183AA700A45EEB /* Release */ = {
			isa = XCBuildConfiguration;
			buildSettings = {
				BUNDLE_LOADER = "$(TEST_HOST)";
				FRAMEWORK_SEARCH_PATHS = (
					"$(SDKROOT)/Developer/Library/Frameworks",
					"$(inherited)",
				);
				INFOPLIST_FILE = ChorusTests/Info.plist;
				LD_RUNPATH_SEARCH_PATHS = "$(inherited) @executable_path/Frameworks @loader_path/Frameworks";
				PRODUCT_NAME = "$(TARGET_NAME)";
				TEST_HOST = "$(BUILT_PRODUCTS_DIR)/Chorus.app/Chorus";
			};
			name = Release;
		};
/* End XCBuildConfiguration section */

/* Begin XCConfigurationList section */
		E94395331B183AA700A45EEB /* Build configuration list for PBXProject "Chorus" */ = {
			isa = XCConfigurationList;
			buildConfigurations = (
				E94395551B183AA700A45EEB /* Debug */,
				E94395561B183AA700A45EEB /* Release */,
			);
			defaultConfigurationIsVisible = 0;
			defaultConfigurationName = Release;
		};
		E94395571B183AA700A45EEB /* Build configuration list for PBXNativeTarget "Chorus" */ = {
			isa = XCConfigurationList;
			buildConfigurations = (
				E94395581B183AA700A45EEB /* Debug */,
				E94395591B183AA700A45EEB /* Release */,
			);
			defaultConfigurationIsVisible = 0;
			defaultConfigurationName = Release;
		};
		E943955A1B183AA700A45EEB /* Build configuration list for PBXNativeTarget "ChorusTests" */ = {
			isa = XCConfigurationList;
			buildConfigurations = (
				E943955B1B183AA700A45EEB /* Debug */,
				E943955C1B183AA700A45EEB /* Release */,
			);
			defaultConfigurationIsVisible = 0;
			defaultConfigurationName = Release;
		};
/* End XCConfigurationList section */
	};
	rootObject = E94395301B183AA700A45EEB /* Project object */;
}
